
Microsoft Visual Studio Solution File, Format Version 12.00
# Visual Studio Version 17
VisualStudioVersion = 17.10.34928.147
MinimumVisualStudioVersion = 10.0.40219.1
Project("{FAE04EC0-301F-11D3-BF4B-00C04F79EFBC}") = "Week4Loops", "Week4Loops\Week4Loops.csproj", "{66CFAA5F-285B-4D2A-A65F-6856B598EDFE}"
EndProject
Project("{FAE04EC0-301F-11D3-BF4B-00C04F79EFBC}") = "ForLoopSum", "ForLoopSum\ForLoopSum.csproj", "{0884FBCB-EE29-4C5B-9120-5FC952B1383A}"
EndProject
Project("{FAE04EC0-301F-11D3-BF4B-00C04F79EFBC}") = "RandomNumber", "RandomNumber\RandomNumber.csproj", "{5DFC9F46-1715-49F1-B313-578FA24FB458}"
EndProject
Project("{FAE04EC0-301F-11D3-BF4B-00C04F79EFBC}") = "WhileLoops", "WhileLoops\WhileLoops.csproj", "{1849586B-2C4E-41AD-85E9-9EF58D3A533E}"
EndProject
Global
	GlobalSection(SolutionConfigurationPlatforms) = preSolution
		Debug|Any CPU = Debug|Any CPU
		Release|Any CPU = Release|Any CPU
	EndGlobalSection
	GlobalSection(ProjectConfigurationPlatforms) = postSolution
		{66CFAA5F-285B-4D2A-A65F-6856B598EDFE}.Debug|Any CPU.ActiveCfg = Debug|Any CPU
		{66CFAA5F-285B-4D2A-A65F-6856B598EDFE}.Debug|Any CPU.Build.0 = Debug|Any CPU
		{66CFAA5F-285B-4D2A-A65F-6856B598EDFE}.Release|Any CPU.ActiveCfg = Release|Any CPU
		{66CFAA5F-285B-4D2A-A65F-6856B598EDFE}.Release|Any CPU.Build.0 = Release|Any CPU
		{0884FBCB-EE29-4C5B-9120-5FC952B1383A}.Debug|Any CPU.ActiveCfg = Debug|Any CPU
		{0884FBCB-EE29-4C5B-9120-5FC952B1383A}.Debug|Any CPU.Build.0 = Debug|Any CPU
		{0884FBCB-EE29-4C5B-9120-5FC952B1383A}.Release|Any CPU.ActiveCfg = Release|Any CPU
		{0884FBCB-EE29-4C5B-9120-5FC952B1383A}.Release|Any CPU.Build.0 = Release|Any CPU
		{5DFC9F46-1715-49F1-B313-578FA24FB458}.Debug|Any CPU.ActiveCfg = Debug|Any CPU
		{5DFC9F46-1715-49F1-B313-578FA24FB458}.Debug|Any CPU.Build.0 = Debug|Any CPU
		{5DFC9F46-1715-49F1-B313-578FA24FB458}.Release|Any CPU.ActiveCfg = Release|Any CPU
		{5DFC9F46-1715-49F1-B313-578FA24FB458}.Release|Any CPU.Build.0 = Release|Any CPU
		{1849586B-2C4E-41AD-85E9-9EF58D3A533E}.Debug|Any CPU.ActiveCfg = Debug|Any CPU
		{1849586B-2C4E-41AD-85E9-9EF58D3A533E}.Debug|Any CPU.Build.0 = Debug|Any CPU
		{1849586B-2C4E-41AD-85E9-9EF58D3A533E}.Release|Any CPU.ActiveCfg = Release|Any CPU
		{1849586B-2C4E-41AD-85E9-9EF58D3A533E}.Release|Any CPU.Build.0 = Release|Any CPU
	EndGlobalSection
	GlobalSection(SolutionProperties) = preSolution
		HideSolutionNode = FALSE
	EndGlobalSection
	GlobalSection(ExtensibilityGlobals) = postSolution
		SolutionGuid = {26739DCF-70EE-4F18-946C-B19F3AECF5F5}
	EndGlobalSection
EndGlobal
